// !$*UTF8*$!
{
	archiveVersion = 1;
	classes = {
	};
	objectVersion = 56;
	objects = {

/* Begin PBXBuildFile section */
		85445C5B2B496AC0006AE60C /* ResultadoVC.swift in Sources */ = {isa = PBXBuildFile; fileRef = 85445C5A2B496AC0006AE60C /* ResultadoVC.swift */; };
		85445C5D2B496ADB006AE60C /* ResultadoScreen.swift in Sources */ = {isa = PBXBuildFile; fileRef = 85445C5C2B496ADB006AE60C /* ResultadoScreen.swift */; };
		859A9C042B45655A00646E95 /* AppDelegate.swift in Sources */ = {isa = PBXBuildFile; fileRef = 859A9C032B45655A00646E95 /* AppDelegate.swift */; };
		859A9C062B45655A00646E95 /* SceneDelegate.swift in Sources */ = {isa = PBXBuildFile; fileRef = 859A9C052B45655A00646E95 /* SceneDelegate.swift */; };
		859A9C082B45655A00646E95 /* HomeVC.swift in Sources */ = {isa = PBXBuildFile; fileRef = 859A9C072B45655A00646E95 /* HomeVC.swift */; };
		859A9C0D2B45655C00646E95 /* Assets.xcassets in Resources */ = {isa = PBXBuildFile; fileRef = 859A9C0C2B45655C00646E95 /* Assets.xcassets */; };
		859A9C102B45655C00646E95 /* LaunchScreen.storyboard in Resources */ = {isa = PBXBuildFile; fileRef = 859A9C0E2B45655C00646E95 /* LaunchScreen.storyboard */; };
		859A9C1B2B4568D100646E95 /* HomeScreen.swift in Sources */ = {isa = PBXBuildFile; fileRef = 859A9C1A2B4568D100646E95 /* HomeScreen.swift */; };
/* End PBXBuildFile section */

/* Begin PBXFileReference section */
		85445C5A2B496AC0006AE60C /* ResultadoVC.swift */ = {isa = PBXFileReference; lastKnownFileType = sourcecode.swift; path = ResultadoVC.swift; sourceTree = "<group>"; };
		85445C5C2B496ADB006AE60C /* ResultadoScreen.swift */ = {isa = PBXFileReference; lastKnownFileType = sourcecode.swift; path = ResultadoScreen.swift; sourceTree = "<group>"; };
		859A9C002B45655A00646E95 /* TabelaDePeso.app */ = {isa = PBXFileReference; explicitFileType = wrapper.application; includeInIndex = 0; path = TabelaDePeso.app; sourceTree = BUILT_PRODUCTS_DIR; };
		859A9C032B45655A00646E95 /* AppDelegate.swift */ = {isa = PBXFileReference; lastKnownFileType = sourcecode.swift; path = AppDelegate.swift; sourceTree = "<group>"; };
		859A9C052B45655A00646E95 /* SceneDelegate.swift */ = {isa = PBXFileReference; lastKnownFileType = sourcecode.swift; path = SceneDelegate.swift; sourceTree = "<group>"; };
		859A9C072B45655A00646E95 /* HomeVC.swift */ = {isa = PBXFileReference; lastKnownFileType = sourcecode.swift; path = HomeVC.swift; sourceTree = "<group>"; };
		859A9C0C2B45655C00646E95 /* Assets.xcassets */ = {isa = PBXFileReference; lastKnownFileType = folder.assetcatalog; path = Assets.xcassets; sourceTree = "<group>"; };
		859A9C0F2B45655C00646E95 /* Base */ = {isa = PBXFileReference; lastKnownFileType = file.storyboard; name = Base; path = Base.lproj/LaunchScreen.storyboard; sourceTree = "<group>"; };
		859A9C112B45655C00646E95 /* Info.plist */ = {isa = PBXFileReference; lastKnownFileType = text.plist.xml; path = Info.plist; sourceTree = "<group>"; };
		859A9C1A2B4568D100646E95 /* HomeScreen.swift */ = {isa = PBXFileReference; lastKnownFileType = sourcecode.swift; path = HomeScreen.swift; sourceTree = "<group>"; };
/* End PBXFileReference section */

/* Begin PBXFrameworksBuildPhase section */
		859A9BFD2B45655A00646E95 /* Frameworks */ = {
			isa = PBXFrameworksBuildPhase;
			buildActionMask = 2147483647;
			files = (
			);
			runOnlyForDeploymentPostprocessing = 0;
		};
/* End PBXFrameworksBuildPhase section */

/* Begin PBXGroup section */
		85445C572B496A48006AE60C /* Resultado */ = {
			isa = PBXGroup;
			children = (
				85445C592B496A93006AE60C /* Screen */,
				85445C582B496A73006AE60C /* VC */,
			);
			path = Resultado;
			sourceTree = "<group>";
		};
		85445C582B496A73006AE60C /* VC */ = {
			isa = PBXGroup;
			children = (
				85445C5A2B496AC0006AE60C /* ResultadoVC.swift */,
			);
			path = VC;
			sourceTree = "<group>";
		};
		85445C592B496A93006AE60C /* Screen */ = {
			isa = PBXGroup;
			children = (
				85445C5C2B496ADB006AE60C /* ResultadoScreen.swift */,
			);
			path = Screen;
			sourceTree = "<group>";
		};
		859A9BF72B45655A00646E95 = {
			isa = PBXGroup;
			children = (
				859A9C022B45655A00646E95 /* TabelaDePeso */,
				859A9C012B45655A00646E95 /* Products */,
			);
			sourceTree = "<group>";
		};
		859A9C012B45655A00646E95 /* Products */ = {
			isa = PBXGroup;
			children = (
				859A9C002B45655A00646E95 /* TabelaDePeso.app */,
			);
			name = Products;
			sourceTree = "<group>";
		};
		859A9C022B45655A00646E95 /* TabelaDePeso */ = {
			isa = PBXGroup;
			children = (
				85445C572B496A48006AE60C /* Resultado */,
				859A9C172B45689700646E95 /* Home */,
				859A9C032B45655A00646E95 /* AppDelegate.swift */,
				859A9C052B45655A00646E95 /* SceneDelegate.swift */,
				859A9C0C2B45655C00646E95 /* Assets.xcassets */,
				859A9C0E2B45655C00646E95 /* LaunchScreen.storyboard */,
				859A9C112B45655C00646E95 /* Info.plist */,
			);
			path = TabelaDePeso;
			sourceTree = "<group>";
		};
		859A9C172B45689700646E95 /* Home */ = {
			isa = PBXGroup;
			children = (
				859A9C192B4568B100646E95 /* Screen */,
				859A9C182B4568A500646E95 /* VC */,
			);
			path = Home;
			sourceTree = "<group>";
		};
		859A9C182B4568A500646E95 /* VC */ = {
			isa = PBXGroup;
			children = (
				859A9C072B45655A00646E95 /* HomeVC.swift */,
			);
			path = VC;
			sourceTree = "<group>";
		};
		859A9C192B4568B100646E95 /* Screen */ = {
			isa = PBXGroup;
			children = (
				859A9C1A2B4568D100646E95 /* HomeScreen.swift */,
			);
			path = Screen;
			sourceTree = "<group>";
		};
/* End PBXGroup section */

/* Begin PBXNativeTarget section */
		859A9BFF2B45655A00646E95 /* TabelaDePeso */ = {
			isa = PBXNativeTarget;
			buildConfigurationList = 859A9C142B45655C00646E95 /* Build configuration list for PBXNativeTarget "TabelaDePeso" */;
			buildPhases = (
				859A9BFC2B45655A00646E95 /* Sources */,
				859A9BFD2B45655A00646E95 /* Frameworks */,
				859A9BFE2B45655A00646E95 /* Resources */,
			);
			buildRules = (
			);
			dependencies = (
			);
			name = TabelaDePeso;
			productName = TabelaDePeso;
			productReference = 859A9C002B45655A00646E95 /* TabelaDePeso.app */;
			productType = "com.apple.product-type.application";
		};
/* End PBXNativeTarget section */

/* Begin PBXProject section */
		859A9BF82B45655A00646E95 /* Project object */ = {
			isa = PBXProject;
			attributes = {
				BuildIndependentTargetsInParallel = 1;
				LastSwiftUpdateCheck = 1430;
				LastUpgradeCheck = 1430;
				TargetAttributes = {
					859A9BFF2B45655A00646E95 = {
						CreatedOnToolsVersion = 14.3.1;
					};
				};
			};
			buildConfigurationList = 859A9BFB2B45655A00646E95 /* Build configuration list for PBXProject "TabelaDePeso" */;
			compatibilityVersion = "Xcode 14.0";
			developmentRegion = en;
			hasScannedForEncodings = 0;
			knownRegions = (
				en,
				Base,
			);
			mainGroup = 859A9BF72B45655A00646E95;
			productRefGroup = 859A9C012B45655A00646E95 /* Products */;
			projectDirPath = "";
			projectRoot = "";
			targets = (
				859A9BFF2B45655A00646E95 /* TabelaDePeso */,
			);
		};
/* End PBXProject section */

/* Begin PBXResourcesBuildPhase section */
		859A9BFE2B45655A00646E95 /* Resources */ = {
			isa = PBXResourcesBuildPhase;
			buildActionMask = 2147483647;
			files = (
				859A9C102B45655C00646E95 /* LaunchScreen.storyboard in Resources */,
				859A9C0D2B45655C00646E95 /* Assets.xcassets in Resources */,
			);
			runOnlyForDeploymentPostprocessing = 0;
		};
/* End PBXResourcesBuildPhase section */

/* Begin PBXSourcesBuildPhase section */
		859A9BFC2B45655A00646E95 /* Sources */ = {
			isa = PBXSourcesBuildPhase;
			buildActionMask = 2147483647;
			files = (
				859A9C082B45655A00646E95 /* HomeVC.swift in Sources */,
				85445C5D2B496ADB006AE60C /* ResultadoScreen.swift in Sources */,
				859A9C1B2B4568D100646E95 /* HomeScreen.swift in Sources */,
				85445C5B2B496AC0006AE60C /* ResultadoVC.swift in Sources */,
				859A9C042B45655A00646E95 /* AppDelegate.swift in Sources */,
				859A9C062B45655A00646E95 /* SceneDelegate.swift in Sources */,
			);
			runOnlyForDeploymentPostprocessing = 0;
		};
/* End PBXSourcesBuildPhase section */

/* Begin PBXVariantGroup section */
		859A9C0E2B45655C00646E95 /* LaunchScreen.storyboard */ = {
			isa = PBXVariantGroup;
			children = (
				859A9C0F2B45655C00646E95 /* Base */,
			);
			name = LaunchScreen.storyboard;
			sourceTree = "<group>";
		};
/* End PBXVariantGroup section */

/* Begin XCBuildConfiguration section */
		859A9C122B45655C00646E95 /* Debug */ = {
			isa = XCBuildConfiguration;
			buildSettings = {
				ALWAYS_SEARCH_USER_PATHS = NO;
				CLANG_ANALYZER_NONNULL = YES;
				CLANG_ANALYZER_NUMBER_OBJECT_CONVERSION = YES_AGGRESSIVE;
				CLANG_CXX_LANGUAGE_STANDARD = "gnu++20";
				CLANG_ENABLE_MODULES = YES;
				CLANG_ENABLE_OBJC_ARC = YES;
				CLANG_ENABLE_OBJC_WEAK = YES;
				CLANG_WARN_BLOCK_CAPTURE_AUTORELEASING = YES;
				CLANG_WARN_BOOL_CONVERSION = YES;
				CLANG_WARN_COMMA = YES;
				CLANG_WARN_CONSTANT_CONVERSION = YES;
				CLANG_WARN_DEPRECATED_OBJC_IMPLEMENTATIONS = YES;
				CLANG_WARN_DIRECT_OBJC_ISA_USAGE = YES_ERROR;
				CLANG_WARN_DOCUMENTATION_COMMENTS = YES;
				CLANG_WARN_EMPTY_BODY = YES;
				CLANG_WARN_ENUM_CONVERSION = YES;
				CLANG_WARN_INFINITE_RECURSION = YES;
				CLANG_WARN_INT_CONVERSION = YES;
				CLANG_WARN_NON_LITERAL_NULL_CONVERSION = YES;
				CLANG_WARN_OBJC_IMPLICIT_RETAIN_SELF = YES;
				CLANG_WARN_OBJC_LITERAL_CONVERSION = YES;
				CLANG_WARN_OBJC_ROOT_CLASS = YES_ERROR;
				CLANG_WARN_QUOTED_INCLUDE_IN_FRAMEWORK_HEADER = YES;
				CLANG_WARN_RANGE_LOOP_ANALYSIS = YES;
				CLANG_WARN_STRICT_PROTOTYPES = YES;
				CLANG_WARN_SUSPICIOUS_MOVE = YES;
				CLANG_WARN_UNGUARDED_AVAILABILITY = YES_AGGRESSIVE;
				CLANG_WARN_UNREACHABLE_CODE = YES;
				CLANG_WARN__DUPLICATE_METHOD_MATCH = YES;
				COPY_PHASE_STRIP = NO;
				DEBUG_INFORMATION_FORMAT = dwarf;
				ENABLE_STRICT_OBJC_MSGSEND = YES;
				ENABLE_TESTABILITY = YES;
				GCC_C_LANGUAGE_STANDARD = gnu11;
				GCC_DYNAMIC_NO_PIC = NO;
				GCC_NO_COMMON_BLOCKS = YES;
				GCC_OPTIMIZATION_LEVEL = 0;
				GCC_PREPROCESSOR_DEFINITIONS = (
					"DEBUG=1",
					"$(inherited)",
				);
				GCC_WARN_64_TO_32_BIT_CONVERSION = YES;
				GCC_WARN_ABOUT_RETURN_TYPE = YES_ERROR;
				GCC_WARN_UNDECLARED_SELECTOR = YES;
				GCC_WARN_UNINITIALIZED_AUTOS = YES_AGGRESSIVE;
				GCC_WARN_UNUSED_FUNCTION = YES;
				GCC_WARN_UNUSED_VARIABLE = YES;
				IPHONEOS_DEPLOYMENT_TARGET = 16.4;
				MTL_ENABLE_DEBUG_INFO = INCLUDE_SOURCE;
				MTL_FAST_MATH = YES;
				ONLY_ACTIVE_ARCH = YES;
				SDKROOT = iphoneos;
				SWIFT_ACTIVE_COMPILATION_CONDITIONS = DEBUG;
				SWIFT_OPTIMIZATION_LEVEL = "-Onone";
			};
			name = Debug;
		};
		859A9C132B45655C00646E95 /* Release */ = {
			isa = XCBuildConfiguration;
			buildSettings = {
				ALWAYS_SEARCH_USER_PATHS = NO;
				CLANG_ANALYZER_NONNULL = YES;
				CLANG_ANALYZER_NUMBER_OBJECT_CONVERSION = YES_AGGRESSIVE;
				CLANG_CXX_LANGUAGE_STANDARD = "gnu++20";
				CLANG_ENABLE_MODULES = YES;
				CLANG_ENABLE_OBJC_ARC = YES;
				CLANG_ENABLE_OBJC_WEAK = YES;
				CLANG_WARN_BLOCK_CAPTURE_AUTORELEASING = YES;
				CLANG_WARN_BOOL_CONVERSION = YES;
				CLANG_WARN_COMMA = YES;
				CLANG_WARN_CONSTANT_CONVERSION = YES;
				CLANG_WARN_DEPRECATED_OBJC_IMPLEMENTATIONS = YES;
				CLANG_WARN_DIRECT_OBJC_ISA_USAGE = YES_ERROR;
				CLANG_WARN_DOCUMENTATION_COMMENTS = YES;
				CLANG_WARN_EMPTY_BODY = YES;
				CLANG_WARN_ENUM_CONVERSION = YES;
				CLANG_WARN_INFINITE_RECURSION = YES;
				CLANG_WARN_INT_CONVERSION = YES;
				CLANG_WARN_NON_LITERAL_NULL_CONVERSION = YES;
				CLANG_WARN_OBJC_IMPLICIT_RETAIN_SELF = YES;
				CLANG_WARN_OBJC_LITERAL_CONVERSION = YES;
				CLANG_WARN_OBJC_ROOT_CLASS = YES_ERROR;
				CLANG_WARN_QUOTED_INCLUDE_IN_FRAMEWORK_HEADER = YES;
				CLANG_WARN_RANGE_LOOP_ANALYSIS = YES;
				CLANG_WARN_STRICT_PROTOTYPES = YES;
				CLANG_WARN_SUSPICIOUS_MOVE = YES;
				CLANG_WARN_UNGUARDED_AVAILABILITY = YES_AGGRESSIVE;
				CLANG_WARN_UNREACHABLE_CODE = YES;
				CLANG_WARN__DUPLICATE_METHOD_MATCH = YES;
				COPY_PHASE_STRIP = NO;
				DEBUG_INFORMATION_FORMAT = "dwarf-with-dsym";
				ENABLE_NS_ASSERTIONS = NO;
				ENABLE_STRICT_OBJC_MSGSEND = YES;
				GCC_C_LANGUAGE_STANDARD = gnu11;
				GCC_NO_COMMON_BLOCKS = YES;
				GCC_WARN_64_TO_32_BIT_CONVERSION = YES;
				GCC_WARN_ABOUT_RETURN_TYPE = YES_ERROR;
				GCC_WARN_UNDECLARED_SELECTOR = YES;
				GCC_WARN_UNINITIALIZED_AUTOS = YES_AGGRESSIVE;
				GCC_WARN_UNUSED_FUNCTION = YES;
				GCC_WARN_UNUSED_VARIABLE = YES;
				IPHONEOS_DEPLOYMENT_TARGET = 16.4;
				MTL_ENABLE_DEBUG_INFO = NO;
				MTL_FAST_MATH = YES;
				SDKROOT = iphoneos;
				SWIFT_COMPILATION_MODE = wholemodule;
				SWIFT_OPTIMIZATION_LEVEL = "-O";
				VALIDATE_PRODUCT = YES;
			};
			name = Release;
		};
		859A9C152B45655C00646E95 /* Debug */ = {
			isa = XCBuildConfiguration;
			buildSettings = {
				ASSETCATALOG_COMPILER_APPICON_NAME = AppIcon;
				ASSETCATALOG_COMPILER_GLOBAL_ACCENT_COLOR_NAME = AccentColor;
				CODE_SIGN_STYLE = Automatic;
				CURRENT_PROJECT_VERSION = 1;
				GENERATE_INFOPLIST_FILE = YES;
				INFOPLIST_FILE = TabelaDePeso/Info.plist;
				INFOPLIST_KEY_UIApplicationSupportsIndirectInputEvents = YES;
				INFOPLIST_KEY_UILaunchStoryboardName = LaunchScreen;
				INFOPLIST_KEY_UIMainStoryboardFile = "";
				INFOPLIST_KEY_UISupportedInterfaceOrientations_iPad = "UIInterfaceOrientationPortrait UIInterfaceOrientationPortraitUpsideDown UIInterfaceOrientationLandscapeLeft UIInterfaceOrientationLandscapeRight";
				INFOPLIST_KEY_UISupportedInterfaceOrientations_iPhone = "UIInterfaceOrientationPortrait UIInterfaceOrientationLandscapeLeft UIInterfaceOrientationLandscapeRight";
				LD_RUNPATH_SEARCH_PATHS = (
					"$(inherited)",
					"@executable_path/Frameworks",
				);
				MARKETING_VERSION = 1.0;
				PRODUCT_BUNDLE_IDENTIFIER = MichelliAps.TabelaDePeso;
				PRODUCT_NAME = "$(TARGET_NAME)";
				SWIFT_EMIT_LOC_STRINGS = YES;
				SWIFT_VERSION = 5.0;
				TARGETED_DEVICE_FAMILY = "1,2";
			};
			name = Debug;
		};
		859A9C162B45655C00646E95 /* Release */ = {
			isa = XCBuildConfiguration;
			buildSettings = {
				ASSETCATALOG_COMPILER_APPICON_NAME = AppIcon;
				ASSETCATALOG_COMPILER_GLOBAL_ACCENT_COLOR_NAME = AccentColor;
				CODE_SIGN_STYLE = Automatic;
				CURRENT_PROJECT_VERSION = 1;
				GENERATE_INFOPLIST_FILE = YES;
				INFOPLIST_FILE = TabelaDePeso/Info.plist;
				INFOPLIST_KEY_UIApplicationSupportsIndirectInputEvents = YES;
				INFOPLIST_KEY_UILaunchStoryboardName = LaunchScreen;
				INFOPLIST_KEY_UIMainStoryboardFile = "";
				INFOPLIST_KEY_UISupportedInterfaceOrientations_iPad = "UIInterfaceOrientationPortrait UIInterfaceOrientationPortraitUpsideDown UIInterfaceOrientationLandscapeLeft UIInterfaceOrientationLandscapeRight";
				INFOPLIST_KEY_UISupportedInterfaceOrientations_iPhone = "UIInterfaceOrientationPortrait UIInterfaceOrientationLandscapeLeft UIInterfaceOrientationLandscapeRight";
				LD_RUNPATH_SEARCH_PATHS = (
					"$(inherited)",
					"@executable_path/Frameworks",
				);
				MARKETING_VERSION = 1.0;
				PRODUCT_BUNDLE_IDENTIFIER = MichelliAps.TabelaDePeso;
				PRODUCT_NAME = "$(TARGET_NAME)";
				SWIFT_EMIT_LOC_STRINGS = YES;
				SWIFT_VERSION = 5.0;
				TARGETED_DEVICE_FAMILY = "1,2";
			};
			name = Release;
		};
/* End XCBuildConfiguration section */

/* Begin XCConfigurationList section */
		859A9BFB2B45655A00646E95 /* Build configuration list for PBXProject "TabelaDePeso" */ = {
			isa = XCConfigurationList;
			buildConfigurations = (
				859A9C122B45655C00646E95 /* Debug */,
				859A9C132B45655C00646E95 /* Release */,
			);
			defaultConfigurationIsVisible = 0;
			defaultConfigurationName = Release;
		};
		859A9C142B45655C00646E95 /* Build configuration list for PBXNativeTarget "TabelaDePeso" */ = {
			isa = XCConfigurationList;
			buildConfigurations = (
				859A9C152B45655C00646E95 /* Debug */,
				859A9C162B45655C00646E95 /* Release */,
			);
			defaultConfigurationIsVisible = 0;
			defaultConfigurationName = Release;
		};
/* End XCConfigurationList section */
	};
	rootObject = 859A9BF82B45655A00646E95 /* Project object */;
}
